// !$*UTF8*$!
{
	archiveVersion = 1;
	classes = {
	};
	objectVersion = 46;
	objects = {

/* Begin PBXBuildFile section */
		D7E9567C1AE5EE8B00E08F65 /* AppDelegate.swift in Sources */ = {isa = PBXBuildFile; fileRef = D7E9567B1AE5EE8B00E08F65 /* AppDelegate.swift */; };
		D7E9567E1AE5EE8B00E08F65 /* ViewController.swift in Sources */ = {isa = PBXBuildFile; fileRef = D7E9567D1AE5EE8B00E08F65 /* ViewController.swift */; };
		D7E956811AE5EE8B00E08F65 /* Main.storyboard in Resources */ = {isa = PBXBuildFile; fileRef = D7E9567F1AE5EE8B00E08F65 /* Main.storyboard */; };
		D7E956831AE5EE8B00E08F65 /* Images.xcassets in Resources */ = {isa = PBXBuildFile; fileRef = D7E956821AE5EE8B00E08F65 /* Images.xcassets */; };
		D7E956861AE5EE8B00E08F65 /* LaunchScreen.xib in Resources */ = {isa = PBXBuildFile; fileRef = D7E956841AE5EE8B00E08F65 /* LaunchScreen.xib */; };
		D7E956921AE5EE8C00E08F65 /* tatot_vnTests.swift in Sources */ = {isa = PBXBuildFile; fileRef = D7E956911AE5EE8C00E08F65 /* tatot_vnTests.swift */; };
		D7E9569C1AE5F15800E08F65 /* ListCardTableViewController.swift in Sources */ = {isa = PBXBuildFile; fileRef = D7E9569B1AE5F15800E08F65 /* ListCardTableViewController.swift */; };
/* End PBXBuildFile section */

/* Begin PBXContainerItemProxy section */
		D7E9568C1AE5EE8C00E08F65 /* PBXContainerItemProxy */ = {
			isa = PBXContainerItemProxy;
			containerPortal = D7E9566E1AE5EE8B00E08F65 /* Project object */;
			proxyType = 1;
			remoteGlobalIDString = D7E956751AE5EE8B00E08F65;
			remoteInfo = tatot_vn;
		};
/* End PBXContainerItemProxy section */

/* Begin PBXFileReference section */
		D7E956761AE5EE8B00E08F65 /* tatot_vn.app */ = {isa = PBXFileReference; explicitFileType = wrapper.application; includeInIndex = 0; path = tatot_vn.app; sourceTree = BUILT_PRODUCTS_DIR; };
		D7E9567A1AE5EE8B00E08F65 /* Info.plist */ = {isa = PBXFileReference; lastKnownFileType = text.plist.xml; path = Info.plist; sourceTree = "<group>"; };
		D7E9567B1AE5EE8B00E08F65 /* AppDelegate.swift */ = {isa = PBXFileReference; lastKnownFileType = sourcecode.swift; path = AppDelegate.swift; sourceTree = "<group>"; };
		D7E9567D1AE5EE8B00E08F65 /* ViewController.swift */ = {isa = PBXFileReference; lastKnownFileType = sourcecode.swift; path = ViewController.swift; sourceTree = "<group>"; };
		D7E956801AE5EE8B00E08F65 /* Base */ = {isa = PBXFileReference; lastKnownFileType = file.storyboard; name = Base; path = Base.lproj/Main.storyboard; sourceTree = "<group>"; };
		D7E956821AE5EE8B00E08F65 /* Images.xcassets */ = {isa = PBXFileReference; lastKnownFileType = folder.assetcatalog; path = Images.xcassets; sourceTree = "<group>"; };
		D7E956851AE5EE8B00E08F65 /* Base */ = {isa = PBXFileReference; lastKnownFileType = file.xib; name = Base; path = Base.lproj/LaunchScreen.xib; sourceTree = "<group>"; };
		D7E9568B1AE5EE8C00E08F65 /* tatot_vnTests.xctest */ = {isa = PBXFileReference; explicitFileType = wrapper.cfbundle; includeInIndex = 0; path = tatot_vnTests.xctest; sourceTree = BUILT_PRODUCTS_DIR; };
		D7E956901AE5EE8C00E08F65 /* Info.plist */ = {isa = PBXFileReference; lastKnownFileType = text.plist.xml; path = Info.plist; sourceTree = "<group>"; };
		D7E956911AE5EE8C00E08F65 /* tatot_vnTests.swift */ = {isa = PBXFileReference; lastKnownFileType = sourcecode.swift; path = tatot_vnTests.swift; sourceTree = "<group>"; };
		D7E9569B1AE5F15800E08F65 /* ListCardTableViewController.swift */ = {isa = PBXFileReference; fileEncoding = 4; lastKnownFileType = sourcecode.swift; path = ListCardTableViewController.swift; sourceTree = "<group>"; };
/* End PBXFileReference section */

/* Begin PBXFrameworksBuildPhase section */
		D7E956731AE5EE8B00E08F65 /* Frameworks */ = {
			isa = PBXFrameworksBuildPhase;
			buildActionMask = 2147483647;
			files = (
			);
			runOnlyForDeploymentPostprocessing = 0;
		};
		D7E956881AE5EE8C00E08F65 /* Frameworks */ = {
			isa = PBXFrameworksBuildPhase;
			buildActionMask = 2147483647;
			files = (
			);
			runOnlyForDeploymentPostprocessing = 0;
		};
/* End PBXFrameworksBuildPhase section */

/* Begin PBXGroup section */
		D7E9566D1AE5EE8B00E08F65 = {
			isa = PBXGroup;
			children = (
				D7E956781AE5EE8B00E08F65 /* tatot_vn */,
				D7E9568E1AE5EE8C00E08F65 /* tatot_vnTests */,
				D7E956771AE5EE8B00E08F65 /* Products */,
			);
			sourceTree = "<group>";
		};
		D7E956771AE5EE8B00E08F65 /* Products */ = {
			isa = PBXGroup;
			children = (
				D7E956761AE5EE8B00E08F65 /* tatot_vn.app */,
				D7E9568B1AE5EE8C00E08F65 /* tatot_vnTests.xctest */,
			);
			name = Products;
			sourceTree = "<group>";
		};
		D7E956781AE5EE8B00E08F65 /* tatot_vn */ = {
			isa = PBXGroup;
			children = (
				D7E9567B1AE5EE8B00E08F65 /* AppDelegate.swift */,
				D7E9567D1AE5EE8B00E08F65 /* ViewController.swift */,
				D7E9567F1AE5EE8B00E08F65 /* Main.storyboard */,
				D7E956821AE5EE8B00E08F65 /* Images.xcassets */,
				D7E956841AE5EE8B00E08F65 /* LaunchScreen.xib */,
				D7E956791AE5EE8B00E08F65 /* Supporting Files */,
				D7E9569B1AE5F15800E08F65 /* ListCardTableViewController.swift */,
			);
			path = tatot_vn;
			sourceTree = "<group>";
		};
		D7E956791AE5EE8B00E08F65 /* Supporting Files */ = {
			isa = PBXGroup;
			children = (
				D7E9567A1AE5EE8B00E08F65 /* Info.plist */,
			);
			name = "Supporting Files";
			sourceTree = "<group>";
		};
		D7E9568E1AE5EE8C00E08F65 /* tatot_vnTests */ = {
			isa = PBXGroup;
			children = (
				D7E956911AE5EE8C00E08F65 /* tatot_vnTests.swift */,
				D7E9568F1AE5EE8C00E08F65 /* Supporting Files */,
			);
			path = tatot_vnTests;
			sourceTree = "<group>";
		};
		D7E9568F1AE5EE8C00E08F65 /* Supporting Files */ = {
			isa = PBXGroup;
			children = (
				D7E956901AE5EE8C00E08F65 /* Info.plist */,
			);
			name = "Supporting Files";
			sourceTree = "<group>";
		};
/* End PBXGroup section */

/* Begin PBXNativeTarget section */
		D7E956751AE5EE8B00E08F65 /* tatot_vn */ = {
			isa = PBXNativeTarget;
			buildConfigurationList = D7E956951AE5EE8C00E08F65 /* Build configuration list for PBXNativeTarget "tatot_vn" */;
			buildPhases = (
				D7E956721AE5EE8B00E08F65 /* Sources */,
				D7E956731AE5EE8B00E08F65 /* Frameworks */,
				D7E956741AE5EE8B00E08F65 /* Resources */,
			);
			buildRules = (
			);
			dependencies = (
			);
			name = tatot_vn;
			productName = tatot_vn;
			productReference = D7E956761AE5EE8B00E08F65 /* tatot_vn.app */;
			productType = "com.apple.product-type.application";
		};
		D7E9568A1AE5EE8C00E08F65 /* tatot_vnTests */ = {
			isa = PBXNativeTarget;
			buildConfigurationList = D7E956981AE5EE8C00E08F65 /* Build configuration list for PBXNativeTarget "tatot_vnTests" */;
			buildPhases = (
				D7E956871AE5EE8C00E08F65 /* Sources */,
				D7E956881AE5EE8C00E08F65 /* Frameworks */,
				D7E956891AE5EE8C00E08F65 /* Resources */,
			);
			buildRules = (
			);
			dependencies = (
				D7E9568D1AE5EE8C00E08F65 /* PBXTargetDependency */,
			);
			name = tatot_vnTests;
			productName = tatot_vnTests;
			productReference = D7E9568B1AE5EE8C00E08F65 /* tatot_vnTests.xctest */;
			productType = "com.apple.product-type.bundle.unit-test";
		};
/* End PBXNativeTarget section */

/* Begin PBXProject section */
		D7E9566E1AE5EE8B00E08F65 /* Project object */ = {
			isa = PBXProject;
			attributes = {
				LastUpgradeCheck = 0630;
				ORGANIZATIONNAME = "Nhan Nguyen";
				TargetAttributes = {
					D7E956751AE5EE8B00E08F65 = {
						CreatedOnToolsVersion = 6.3;
					};
					D7E9568A1AE5EE8C00E08F65 = {
						CreatedOnToolsVersion = 6.3;
						TestTargetID = D7E956751AE5EE8B00E08F65;
					};
				};
			};
			buildConfigurationList = D7E956711AE5EE8B00E08F65 /* Build configuration list for PBXProject "tatot_vn" */;
			compatibilityVersion = "Xcode 3.2";
			developmentRegion = English;
			hasScannedForEncodings = 0;
			knownRegions = (
				en,
				Base,
			);
			mainGroup = D7E9566D1AE5EE8B00E08F65;
			productRefGroup = D7E956771AE5EE8B00E08F65 /* Products */;
			projectDirPath = "";
			projectRoot = "";
			targets = (
				D7E956751AE5EE8B00E08F65 /* tatot_vn */,
				D7E9568A1AE5EE8C00E08F65 /* tatot_vnTests */,
			);
		};
/* End PBXProject section */

/* Begin PBXResourcesBuildPhase section */
		D7E956741AE5EE8B00E08F65 /* Resources */ = {
			isa = PBXResourcesBuildPhase;
			buildActionMask = 2147483647;
			files = (
				D7E956811AE5EE8B00E08F65 /* Main.storyboard in Resources */,
				D7E956861AE5EE8B00E08F65 /* LaunchScreen.xib in Resources */,
				D7E956831AE5EE8B00E08F65 /* Images.xcassets in Resources */,
			);
			runOnlyForDeploymentPostprocessing = 0;
		};
		D7E956891AE5EE8C00E08F65 /* Resources */ = {
			isa = PBXResourcesBuildPhase;
			buildActionMask = 2147483647;
			files = (
			);
			runOnlyForDeploymentPostprocessing = 0;
		};
/* End PBXResourcesBuildPhase section */

/* Begin PBXSourcesBuildPhase section */
		D7E956721AE5EE8B00E08F65 /* Sources */ = {
			isa = PBXSourcesBuildPhase;
			buildActionMask = 2147483647;
			files = (
				D7E9567E1AE5EE8B00E08F65 /* ViewController.swift in Sources */,
				D7E9569C1AE5F15800E08F65 /* ListCardTableViewController.swift in Sources */,
				D7E9567C1AE5EE8B00E08F65 /* AppDelegate.swift in Sources */,
			);
			runOnlyForDeploymentPostprocessing = 0;
		};
		D7E956871AE5EE8C00E08F65 /* Sources */ = {
			isa = PBXSourcesBuildPhase;
			buildActionMask = 2147483647;
			files = (
				D7E956921AE5EE8C00E08F65 /* tatot_vnTests.swift in Sources */,
			);
			runOnlyForDeploymentPostprocessing = 0;
		};
/* End PBXSourcesBuildPhase section */

/* Begin PBXTargetDependency section */
		D7E9568D1AE5EE8C00E08F65 /* PBXTargetDependency */ = {
			isa = PBXTargetDependency;
			target = D7E956751AE5EE8B00E08F65 /* tatot_vn */;
			targetProxy = D7E9568C1AE5EE8C00E08F65 /* PBXContainerItemProxy */;
		};
/* End PBXTargetDependency section */

/* Begin PBXVariantGroup section */
		D7E9567F1AE5EE8B00E08F65 /* Main.storyboard */ = {
			isa = PBXVariantGroup;
			children = (
				D7E956801AE5EE8B00E08F65 /* Base */,
			);
			name = Main.storyboard;
			sourceTree = "<group>";
		};
		D7E956841AE5EE8B00E08F65 /* LaunchScreen.xib */ = {
			isa = PBXVariantGroup;
			children = (
				D7E956851AE5EE8B00E08F65 /* Base */,
			);
			name = LaunchScreen.xib;
			sourceTree = "<group>";
		};
/* End PBXVariantGroup section */

/* Begin XCBuildConfiguration section */
		D7E956931AE5EE8C00E08F65 /* Debug */ = {
			isa = XCBuildConfiguration;
			buildSettings = {
				ALWAYS_SEARCH_USER_PATHS = NO;
				CLANG_CXX_LANGUAGE_STANDARD = "gnu++0x";
				CLANG_CXX_LIBRARY = "libc++";
				CLANG_ENABLE_MODULES = YES;
				CLANG_ENABLE_OBJC_ARC = YES;
				CLANG_WARN_BOOL_CONVERSION = YES;
				CLANG_WARN_CONSTANT_CONVERSION = YES;
				CLANG_WARN_DIRECT_OBJC_ISA_USAGE = YES_ERROR;
				CLANG_WARN_EMPTY_BODY = YES;
				CLANG_WARN_ENUM_CONVERSION = YES;
				CLANG_WARN_INT_CONVERSION = YES;
				CLANG_WARN_OBJC_ROOT_CLASS = YES_ERROR;
				CLANG_WARN_UNREACHABLE_CODE = YES;
				CLANG_WARN__DUPLICATE_METHOD_MATCH = YES;
				"CODE_SIGN_IDENTITY[sdk=iphoneos*]" = "iPhone Developer";
				COPY_PHASE_STRIP = NO;
				DEBUG_INFORMATION_FORMAT = "dwarf-with-dsym";
				ENABLE_STRICT_OBJC_MSGSEND = YES;
				GCC_C_LANGUAGE_STANDARD = gnu99;
				GCC_DYNAMIC_NO_PIC = NO;
				GCC_NO_COMMON_BLOCKS = YES;
				GCC_OPTIMIZATION_LEVEL = 0;
				GCC_PREPROCESSOR_DEFINITIONS = (
					"DEBUG=1",
					"$(inherited)",
				);
				GCC_SYMBOLS_PRIVATE_EXTERN = NO;
				GCC_WARN_64_TO_32_BIT_CONVERSION = YES;
				GCC_WARN_ABOUT_RETURN_TYPE = YES_ERROR;
				GCC_WARN_UNDECLARED_SELECTOR = YES;
				GCC_WARN_UNINITIALIZED_AUTOS = YES_AGGRESSIVE;
				GCC_WARN_UNUSED_FUNCTION = YES;
				GCC_WARN_UNUSED_VARIABLE = YES;
				IPHONEOS_DEPLOYMENT_TARGET = 8.3;
				MTL_ENABLE_DEBUG_INFO = YES;
				ONLY_ACTIVE_ARCH = YES;
				SDKROOT = iphoneos;
				SWIFT_OPTIMIZATION_LEVEL = "-Onone";
			};
			name = Debug;
		};
		D7E956941AE5EE8C00E08F65 /* Release */ = {
			isa = XCBuildConfiguration;
			buildSettings = {
				ALWAYS_SEARCH_USER_PATHS = NO;
				CLANG_CXX_LANGUAGE_STANDARD = "gnu++0x";
				CLANG_CXX_LIBRARY = "libc++";
				CLANG_ENABLE_MODULES = YES;
				CLANG_ENABLE_OBJC_ARC = YES;
				CLANG_WARN_BOOL_CONVERSION = YES;
				CLANG_WARN_CONSTANT_CONVERSION = YES;
				CLANG_WARN_DIRECT_OBJC_ISA_USAGE = YES_ERROR;
				CLANG_WARN_EMPTY_BODY = YES;
				CLANG_WARN_ENUM_CONVERSION = YES;
				CLANG_WARN_INT_CONVERSION = YES;
				CLANG_WARN_OBJC_ROOT_CLASS = YES_ERROR;
				CLANG_WARN_UNREACHABLE_CODE = YES;
				CLANG_WARN__DUPLICATE_METHOD_MATCH = YES;
				"CODE_SIGN_IDENTITY[sdk=iphoneos*]" = "iPhone Developer";
				COPY_PHASE_STRIP = NO;
				DEBUG_INFORMATION_FORMAT = "dwarf-with-dsym";
				ENABLE_NS_ASSERTIONS = NO;
				ENABLE_STRICT_OBJC_MSGSEND = YES;
				GCC_C_LANGUAGE_STANDARD = gnu99;
				GCC_NO_COMMON_BLOCKS = YES;
				GCC_WARN_64_TO_32_BIT_CONVERSION = YES;
				GCC_WARN_ABOUT_RETURN_TYPE = YES_ERROR;
				GCC_WARN_UNDECLARED_SELECTOR = YES;
				GCC_WARN_UNINITIALIZED_AUTOS = YES_AGGRESSIVE;
				GCC_WARN_UNUSED_FUNCTION = YES;
				GCC_WARN_UNUSED_VARIABLE = YES;
				IPHONEOS_DEPLOYMENT_TARGET = 8.3;
				MTL_ENABLE_DEBUG_INFO = NO;
				SDKROOT = iphoneos;
				VALIDATE_PRODUCT = YES;
			};
			name = Release;
		};
		D7E956961AE5EE8C00E08F65 /* Debug */ = {
			isa = XCBuildConfiguration;
			buildSettings = {
				ASSETCATALOG_COMPILER_APPICON_NAME = AppIcon;
				INFOPLIST_FILE = tatot_vn/Info.plist;
				LD_RUNPATH_SEARCH_PATHS = "$(inherited) @executable_path/Frameworks";
				PRODUCT_NAME = "$(TARGET_NAME)";
			};
			name = Debug;
		};
		D7E956971AE5EE8C00E08F65 /* Release */ = {
			isa = XCBuildConfiguration;
			buildSettings = {
				ASSETCATALOG_COMPILER_APPICON_NAME = AppIcon;
				INFOPLIST_FILE = tatot_vn/Info.plist;
				LD_RUNPATH_SEARCH_PATHS = "$(inherited) @executable_path/Frameworks";
				PRODUCT_NAME = "$(TARGET_NAME)";
			};
			name = Release;
		};
		D7E956991AE5EE8C00E08F65 /* Debug */ = {
			isa = XCBuildConfiguration;
			buildSettings = {
				BUNDLE_LOADER = "$(TEST_HOST)";
				FRAMEWORK_SEARCH_PATHS = (
					"$(SDKROOT)/Developer/Library/Frameworks",
					"$(inherited)",
				);
				GCC_PREPROCESSOR_DEFINITIONS = (
					"DEBUG=1",
					"$(inherited)",
				);
				INFOPLIST_FILE = tatot_vnTests/Info.plist;
				LD_RUNPATH_SEARCH_PATHS = "$(inherited) @executable_path/Frameworks @loader_path/Frameworks";
				PRODUCT_NAME = "$(TARGET_NAME)";
				TEST_HOST = "$(BUILT_PRODUCTS_DIR)/tatot_vn.app/tatot_vn";
			};
			name = Debug;
		};
		D7E9569A1AE5EE8C00E08F65 /* Release */ = {
			isa = XCBuildConfiguration;
			buildSettings = {
				BUNDLE_LOADER = "$(TEST_HOST)";
				FRAMEWORK_SEARCH_PATHS = (
					"$(SDKROOT)/Developer/Library/Frameworks",
					"$(inherited)",
				);
				INFOPLIST_FILE = tatot_vnTests/Info.plist;
				LD_RUNPATH_SEARCH_PATHS = "$(inherited) @executable_path/Frameworks @loader_path/Frameworks";
				PRODUCT_NAME = "$(TARGET_NAME)";
				TEST_HOST = "$(BUILT_PRODUCTS_DIR)/tatot_vn.app/tatot_vn";
			};
			name = Release;
		};
/* End XCBuildConfiguration section */

/* Begin XCConfigurationList section */
		D7E956711AE5EE8B00E08F65 /* Build configuration list for PBXProject "tatot_vn" */ = {
			isa = XCConfigurationList;
			buildConfigurations = (
				D7E956931AE5EE8C00E08F65 /* Debug */,
				D7E956941AE5EE8C00E08F65 /* Release */,
			);
			defaultConfigurationIsVisible = 0;
			defaultConfigurationName = Release;
		};
		D7E956951AE5EE8C00E08F65 /* Build configuration list for PBXNativeTarget "tatot_vn" */ = {
			isa = XCConfigurationList;
			buildConfigurations = (
				D7E956961AE5EE8C00E08F65 /* Debug */,
				D7E956971AE5EE8C00E08F65 /* Release */,
			);
			defaultConfigurationIsVisible = 0;
		};
		D7E956981AE5EE8C00E08F65 /* Build configuration list for PBXNativeTarget "tatot_vnTests" */ = {
			isa = XCConfigurationList;
			buildConfigurations = (
				D7E956991AE5EE8C00E08F65 /* Debug */,
				D7E9569A1AE5EE8C00E08F65 /* Release */,
			);
			defaultConfigurationIsVisible = 0;
		};
/* End XCConfigurationList section */
	};
	rootObject = D7E9566E1AE5EE8B00E08F65 /* Project object */;
}
